
Microsoft Visual Studio Solution File, Format Version 12.00
# Visual Studio 14
VisualStudioVersion = 14.0.25420.1
MinimumVisualStudioVersion = 10.0.40219.1
Project("{FAE04EC0-301F-11D3-BF4B-00C04F79EFBC}") = "Backend", "Backend\Backend.csproj", "{140AB1C7-0B3A-4E1F-A11C-BEC876303FD9}"
EndProject
Project("{FAE04EC0-301F-11D3-BF4B-00C04F79EFBC}") = "API", "API\API.csproj", "{F730C06A-1B1F-427E-A2E8-B23AD99F830F}"
EndProject
Project("{FAE04EC0-301F-11D3-BF4B-00C04F79EFBC}") = "Domain", "Domain\Domain.csproj", "{BB5F8147-0C64-4D89-B166-997708E6815B}"
EndProject
Global
	GlobalSection(SolutionConfigurationPlatforms) = preSolution
		Debug|Any CPU = Debug|Any CPU
		Release|Any CPU = Release|Any CPU
	EndGlobalSection
	GlobalSection(ProjectConfigurationPlatforms) = postSolution
		{140AB1C7-0B3A-4E1F-A11C-BEC876303FD9}.Debug|Any CPU.ActiveCfg = Debug|Any CPU
		{140AB1C7-0B3A-4E1F-A11C-BEC876303FD9}.Debug|Any CPU.Build.0 = Debug|Any CPU
		{140AB1C7-0B3A-4E1F-A11C-BEC876303FD9}.Release|Any CPU.ActiveCfg = Release|Any CPU
		{140AB1C7-0B3A-4E1F-A11C-BEC876303FD9}.Release|Any CPU.Build.0 = Release|Any CPU
		{F730C06A-1B1F-427E-A2E8-B23AD99F830F}.Debug|Any CPU.ActiveCfg = Debug|Any CPU
		{F730C06A-1B1F-427E-A2E8-B23AD99F830F}.Debug|Any CPU.Build.0 = Debug|Any CPU
		{F730C06A-1B1F-427E-A2E8-B23AD99F830F}.Release|Any CPU.ActiveCfg = Release|Any CPU
		{F730C06A-1B1F-427E-A2E8-B23AD99F830F}.Release|Any CPU.Build.0 = Release|Any CPU
		{BB5F8147-0C64-4D89-B166-997708E6815B}.Debug|Any CPU.ActiveCfg = Debug|Any CPU
		{BB5F8147-0C64-4D89-B166-997708E6815B}.Debug|Any CPU.Build.0 = Debug|Any CPU
		{BB5F8147-0C64-4D89-B166-997708E6815B}.Release|Any CPU.ActiveCfg = Release|Any CPU
		{BB5F8147-0C64-4D89-B166-997708E6815B}.Release|Any CPU.Build.0 = Release|Any CPU
	EndGlobalSection
	GlobalSection(SolutionProperties) = preSolution
		HideSolutionNode = FALSE
	EndGlobalSection
EndGlobal
